
Microsoft Visual Studio Solution File, Format Version 12.00
# Visual Studio Version 17
VisualStudioVersion = 17.3.32901.215
MinimumVisualStudioVersion = 10.0.40219.1
Project("{9A19103F-16F7-4668-BE54-9A1E7A4F7556}") = "DungeonGame", "DungeonGame\DungeonGame.csproj", "{6FE2C5D2-8E67-4CB6-B469-471F63B27B13}"
EndProject
Global
	GlobalSection(SolutionConfigurationPlatforms) = preSolution
		Debug|Any CPU = Debug|Any CPU
		Release|Any CPU = Release|Any CPU
	EndGlobalSection
	GlobalSection(ProjectConfigurationPlatforms) = postSolution
		{6FE2C5D2-8E67-4CB6-B469-471F63B27B13}.Debug|Any CPU.ActiveCfg = Debug|Any CPU
		{6FE2C5D2-8E67-4CB6-B469-471F63B27B13}.Debug|Any CPU.Build.0 = Debug|Any CPU
		{6FE2C5D2-8E67-4CB6-B469-471F63B27B13}.Release|Any CPU.ActiveCfg = Release|Any CPU
		{6FE2C5D2-8E67-4CB6-B469-471F63B27B13}.Release|Any CPU.Build.0 = Release|Any CPU
	EndGlobalSection
	GlobalSection(SolutionProperties) = preSolution
		HideSolutionNode = FALSE
	EndGlobalSection
	GlobalSection(ExtensibilityGlobals) = postSolution
		SolutionGuid = {A42DB9FC-88FD-466A-B5B5-DE9690C5D374}
	EndGlobalSection
EndGlobal
